
Microsoft Visual Studio Solution File, Format Version 12.00
# Visual Studio Version 17
VisualStudioVersion = 17.1.32319.34
MinimumVisualStudioVersion = 10.0.40219.1
Project("{FAE04EC0-301F-11D3-BF4B-00C04F79EFBC}") = "GeometricTriangleApplication", "GeometricTriangleApplication\GeometricTriangleApplication.csproj", "{FD7B3C6E-4DFC-4EA3-A78F-14C8F67E95E6}"
EndProject
Global
	GlobalSection(SolutionConfigurationPlatforms) = preSolution
		Debug|Any CPU = Debug|Any CPU
		Release|Any CPU = Release|Any CPU
	EndGlobalSection
	GlobalSection(ProjectConfigurationPlatforms) = postSolution
		{FD7B3C6E-4DFC-4EA3-A78F-14C8F67E95E6}.Debug|Any CPU.ActiveCfg = Debug|Any CPU
		{FD7B3C6E-4DFC-4EA3-A78F-14C8F67E95E6}.Debug|Any CPU.Build.0 = Debug|Any CPU
		{FD7B3C6E-4DFC-4EA3-A78F-14C8F67E95E6}.Release|Any CPU.ActiveCfg = Release|Any CPU
		{FD7B3C6E-4DFC-4EA3-A78F-14C8F67E95E6}.Release|Any CPU.Build.0 = Release|Any CPU
	EndGlobalSection
	GlobalSection(SolutionProperties) = preSolution
		HideSolutionNode = FALSE
	EndGlobalSection
	GlobalSection(ExtensibilityGlobals) = postSolution
		SolutionGuid = {15788A43-E55B-42BA-A3F7-3FE84D7FD6DE}
	EndGlobalSection
EndGlobal
